{
  "name": "@jkcfg/kubernetes-examples-overlay-generic",
  "version": "1.0.0",
  "lockfileVersion": 1,
  "requires": true,
  "dependencies": {
    "@jkcfg/kubernetes": {
      "version": "0.4.0",
      "resolved": "https://registry.npmjs.org/@jkcfg/kubernetes/-/kubernetes-0.4.0.tgz",
      "integrity": "sha512-aDVRHi2X6JofJIIZBJAbEZfSFOtEgZA5+ovXjKYLEXvTvetFV7RQH0H2m0TM4YuS8Cib0Z/LXsgGtYXWqxVlfQ==",
      "requires": {
        "@jkcfg/std": "^0.2.6"
      }
    },
    "@jkcfg/std": {
      "version": "0.2.8",
      "resolved": "https://registry.npmjs.org/@jkcfg/std/-/std-0.2.8.tgz",
      "integrity": "sha512-DK/ojZprY9gCMawqQXUlRskZRnLpQghKFIhXydl/hz8E07Xgh5V4nQzrsXWT9mhECNE/XV/H1V3E26DwsB+pXw=="
    }
  }
}
