github.com/davecgh/go-spew v1.1.1 h1:vj9j/u1bqnvCEfJOwUhtlOARqs3+rkHYY13jYWTU97c=
github.com/davecgh/go-spew v1.1.1/go.mod h1:J7Y8YcW2NihsgmVo/mv3lAwl/skON4iLHjSsI+c5H38=
github.com/dlespiau/v8worker2 v0.0.0-20181103131220-163e7fd126a2 h1:IJy7MPzVpCxbR+XvE28VllLHK105KXtPR04hbBageDw=
github.com/dlespiau/v8worker2 v0.0.0-20181103131220-163e7fd126a2/go.mod h1:dO8CoeUb377Y1iCjDOhdMJwSuk6ahb75cdkS8LH6Q2U=
github.com/ghodss/yaml v1.0.0 h1:wQHKEahhL6wmXdzwWG11gIVCkOv05bNOh+Rxn0yngAk=
github.com/ghodss/yaml v1.0.0/go.mod h1:4dBDuWmgqj2HViK6kFavaiC9ZROes6MMH2rRYeMEF04=
github.com/google/flatbuffers v1.10.0 h1:oRiOciRvbejW4wxTr/DVVAczyQaxsEONq6NyxhDf3bY=
github.com/google/flatbuffers v1.10.0/go.mod h1:1AeVuKshWv4vARoZatz6mlQ0JxURH0Kv5+zNeJKJCa8=
github.com/pmezard/go-difflib v1.0.0 h1:4DBwDE0NGyQoBHbLQYPwSUPoCMWR5BEzIk/f1lZbAQM=
github.com/pmezard/go-difflib v1.0.0/go.mod h1:iKH77koFhYxTK1pcRnkKkqfTogsbg7gZNVY4sRDYZ/4=
github.com/ry/v8worker2 v0.0.0-20180926144945-e3fa6c4d602b h1:UAsZ9GQ+23q3t8d79U9vTHgYu8rZKRi6/Edj5f9zWxs=
github.com/ry/v8worker2 v0.0.0-20180926144945-e3fa6c4d602b/go.mod h1:BdjqPPLlLw26j9NdhD0cQVJL7JvzCk6iWLsdy8NzbpQ=
github.com/shurcooL/httpfs v0.0.0-20171119174359-809beceb2371 h1:SWV2fHctRpRrp49VXJ6UZja7gU9QLHwRpIPBN89SKEo=
github.com/shurcooL/httpfs v0.0.0-20171119174359-809beceb2371/go.mod h1:ZY1cvUeJuFPAdZ/B6v7RHavJWZn2YPVFQ1OSXhCGOkg=
github.com/shurcooL/vfsgen v0.0.0-20181020040650-a97a25d856ca h1:3fECS8atRjByijiI8yYiuwLwQ2ZxXobW7ua/8GRB3pI=
github.com/shurcooL/vfsgen v0.0.0-20181020040650-a97a25d856ca/go.mod h1:TrYk7fJVaAttu97ZZKrO9UbRa8izdowaMIZcxYMbVaw=
github.com/spf13/cobra v0.0.3 h1:ZlrZ4XsMRm04Fr5pSFxBgfND2EBVa1nLpiy1stUsX/8=
github.com/spf13/cobra v0.0.3/go.mod h1:1l0Ry5zgKvJasoi3XT1TypsSe7PqH0Sj9dhYf7v3XqQ=
github.com/spf13/pflag v1.0.3 h1:zPAT6CGy6wXeQ7NtTnaTerfKOsV6V6F8agHXFiazDkg=
github.com/spf13/pflag v1.0.3/go.mod h1:DYY7MBk1bdzusC3SYhjObp+wFpr4gzcvqqNjLnInEg4=
github.com/stretchr/testify v1.2.2 h1:bSDNvY7ZPG5RlJ8otE/7V6gMiyenm9RtJ7IUVIAoJ1w=
github.com/stretchr/testify v1.2.2/go.mod h1:a8OnRcib4nhh0OaRAV+Yts87kKdq0PP7pXfy6kDkUVs=
gopkg.in/check.v1 v0.0.0-20161208181325-20d25e280405/go.mod h1:Co6ibVJAznAaIkqp8huTwlJQCZ016jof/cbN4VW5Yz0=
gopkg.in/yaml.v2 v2.2.1 h1:mUhvW9EsL+naU5Q3cakzfE91YhliOondGd6ZrsDBHQE=
gopkg.in/yaml.v2 v2.2.1/go.mod h1:hI93XBmqTisBFMUTm0b8Fm+jr3Dg1NNxqwp+5A1VGuI=
