{
  "name": "@jkcfg/kubernetes-examples-overlay-simple",
  "version": "1.0.0",
  "lockfileVersion": 1,
  "requires": true,
  "dependencies": {
    "@jkcfg/kubernetes": {
      "version": "0.3.1",
      "resolved": "https://registry.npmjs.org/@jkcfg/kubernetes/-/kubernetes-0.3.1.tgz",
      "integrity": "sha512-vSnvp5rnTejjYaDxGm4HnIp/mkJ/TGRLNXhQ8QjjD0c88EX7GtKQfKC30/e91SmrSE+hA5TfQeStmf4hw1AX1A==",
      "requires": {
        "@jkcfg/std": "^0.2.6"
      }
    },
    "@jkcfg/std": {
      "version": "0.2.7",
      "resolved": "https://registry.npmjs.org/@jkcfg/std/-/std-0.2.7.tgz",
      "integrity": "sha512-ABiretXCqpsrhENC08jQjnDZp0WOrwUVh1PFfFc3yfXzmCJWo/OF4xNqbrMfAyHKfgqbwAdmn5r8pWROYsG7ig=="
    }
  }
}
