{
  "requires": true,
  "lockfileVersion": 1,
  "dependencies": {
    "@jkcfg/kubernetes": {
      "version": "0.3.0",
      "resolved": "https://registry.npmjs.org/@jkcfg/kubernetes/-/kubernetes-0.3.0.tgz",
      "integrity": "sha512-dJR3dJ2OHuB7hXIiHvozx+oTDlGvB78KpsEsdnghhjvZAf7Z1aVsYEzQMA2EzRyh2xX6ZmduIaimgxkKL7OzQg==",
      "requires": {
        "@jkcfg/std": "^0.2.6"
      }
    },
    "@jkcfg/std": {
      "version": "0.2.7",
      "resolved": "https://registry.npmjs.org/@jkcfg/std/-/std-0.2.7.tgz",
      "integrity": "sha512-ABiretXCqpsrhENC08jQjnDZp0WOrwUVh1PFfFc3yfXzmCJWo/OF4xNqbrMfAyHKfgqbwAdmn5r8pWROYsG7ig=="
    }
  }
}
