{
  "name": "@jkcfg/kubernetes-examples-overlay-object",
  "version": "1.0.0",
  "lockfileVersion": 1,
  "requires": true,
  "dependencies": {
    "@jkcfg/kubernetes": {
      "version": "0.5.0",
      "resolved": "https://registry.npmjs.org/@jkcfg/kubernetes/-/kubernetes-0.5.0.tgz",
      "integrity": "sha512-VvDJdoPIyik7msjuO5U0xXMvcF/yoB4TNiJnbEjRWvurbsS8KwP+5PiOe++yIlpWiyrfTmEjdmBxeyJWMoh0SQ==",
      "requires": {
        "@jkcfg/std": "^0.2.10"
      }
    },
    "@jkcfg/std": {
      "version": "0.2.10",
      "resolved": "https://registry.npmjs.org/@jkcfg/std/-/std-0.2.10.tgz",
      "integrity": "sha512-HB38+9XYOVeVfLheBHFrLcM/lpGRfz4aikmP+f+PSyHNlwW/1VZ0/Z9U5qp7ONUCqM27zX1++gWKdWwA6kJruA=="
    }
  }
}
